{
  "version": 4,
  "terraform_version": "1.7.0",
  "serial": 25,
  "lineage": "162b1ebd-322c-962c-b9dd-8cc86e9acd93",
  "outputs": {
    "F5_Password": {
      "value": "oQZ13t6F4y",
      "type": "string"
    },
    "F5_ui": {
      "value": "https://52.36.188.172:8443",
      "type": "string"
    }
  },
  "resources": [
    {
      "mode": "data",
      "type": "aws_ami",
      "name": "ubuntu",
      "provider": "provider[\"registry.terraform.io/hashicorp/aws\"]",
      "instances": [
        {
          "schema_version": 0,
          "attributes": {
            "architecture": "x86_64",
            "arn": "arn:aws:ec2:us-west-2::image/ami-0a588942e90cfecc9",
            "block_device_mappings": [
              {
                "device_name": "/dev/sda1",
                "ebs": {
                  "delete_on_termination": "true",
                  "encrypted": "false",
                  "iops": "0",
                  "snapshot_id": "snap-069e779ea73b69a0f",
                  "throughput": "0",
                  "volume_size": "8",
                  "volume_type": "gp2"
                },
                "no_device": "",
                "virtual_name": ""
              },
              {
                "device_name": "/dev/sdb",
                "ebs": {},
                "no_device": "",
                "virtual_name": "ephemeral0"
              },
              {
                "device_name": "/dev/sdc",
                "ebs": {},
                "no_device": "",
                "virtual_name": "ephemeral1"
              }
            ],
            "boot_mode": "legacy-bios",
            "creation_date": "2023-05-31T17:00:22.000Z",
            "deprecation_time": "2025-05-31T17:00:22.000Z",
            "description": "Canonical, Ubuntu, 18.04 LTS, amd64 bionic image build on 2023-05-31",
            "ena_support": true,
            "executable_users": null,
            "filter": [
              {
                "name": "name",
                "values": [
                  "ubuntu/images/hvm-ssd/ubuntu-bionic-18.04-amd64-server-*"
                ]
              },
              {
                "name": "virtualization-type",
                "values": [
                  "hvm"
                ]
              }
            ],
            "hypervisor": "xen",
            "id": "ami-0a588942e90cfecc9",
            "image_id": "ami-0a588942e90cfecc9",
            "image_location": "amazon/ubuntu/images/hvm-ssd/ubuntu-bionic-18.04-amd64-server-20230531",
            "image_owner_alias": "amazon",
            "image_type": "machine",
            "imds_support": "",
            "include_deprecated": false,
            "kernel_id": "",
            "most_recent": true,
            "name": "ubuntu/images/hvm-ssd/ubuntu-bionic-18.04-amd64-server-20230531",
            "name_regex": null,
            "owner_id": "099720109477",
            "owners": [
              "099720109477"
            ],
            "platform": "",
            "platform_details": "Linux/UNIX",
            "product_codes": [],
            "public": true,
            "ramdisk_id": "",
            "root_device_name": "/dev/sda1",
            "root_device_type": "ebs",
            "root_snapshot_id": "snap-069e779ea73b69a0f",
            "sriov_net_support": "simple",
            "state": "available",
            "state_reason": {
              "code": "UNSET",
              "message": "UNSET"
            },
            "tags": {},
            "timeouts": null,
            "tpm_support": "",
            "usage_operation": "RunInstances",
            "virtualization_type": "hvm"
          },
          "sensitive_attributes": []
        }
      ]
    },
    {
      "mode": "managed",
      "type": "aws_eip",
      "name": "f5",
      "provider": "provider[\"registry.terraform.io/hashicorp/aws\"]",
      "instances": [
        {
          "schema_version": 0,
          "attributes": {
            "address": null,
            "allocation_id": "eipalloc-06a6b7d5bbf48539c",
            "associate_with_private_ip": null,
            "association_id": "eipassoc-00afed61875bed888",
            "carrier_ip": "",
            "customer_owned_ip": "",
            "customer_owned_ipv4_pool": "",
            "domain": "vpc",
            "id": "eipalloc-06a6b7d5bbf48539c",
            "instance": "i-03cc353881fc1a4b3",
            "network_border_group": "us-west-2",
            "network_interface": "eni-09b8cf00c568d7e12",
            "private_dns": "ip-10-0-0-200.us-west-2.compute.internal",
            "private_ip": "10.0.0.200",
            "public_dns": "ec2-52-36-188-172.us-west-2.compute.amazonaws.com",
            "public_ip": "52.36.188.172",
            "public_ipv4_pool": "amazon",
            "tags": null,
            "tags_all": {},
            "timeouts": null,
            "vpc": true
          },
          "sensitive_attributes": [],
          "private": "eyJlMmJmYjczMC1lY2FhLTExZTYtOGY4OC0zNDM2M2JjN2M0YzAiOnsiZGVsZXRlIjoxODAwMDAwMDAwMDAsInJlYWQiOjkwMDAwMDAwMDAwMCwidXBkYXRlIjozMDAwMDAwMDAwMDB9fQ==",
          "dependencies": [
            "aws_instance.f5",
            "aws_key_pair.demo",
            "aws_security_group.f5",
            "module.vpc.aws_subnet.public",
            "module.vpc.aws_vpc.this",
            "module.vpc.aws_vpc_ipv4_cidr_block_association.this",
            "random_string.password",
            "tls_private_key.demo"
          ]
        }
      ]
    },
    {
      "mode": "managed",
      "type": "aws_iam_instance_profile",
      "name": "scsprofile",
      "provider": "provider[\"registry.terraform.io/hashicorp/aws\"]",
      "instances": [
        {
          "schema_version": 0,
          "attributes": {
            "arn": "arn:aws:iam::250871914685:instance-profile/scs-scs",
            "create_date": "2024-03-26T02:48:30Z",
            "id": "scs-scs",
            "name": "scs-scs",
            "name_prefix": "",
            "path": "/",
            "role": "scs-scs-role",
            "tags": null,
            "tags_all": {},
            "unique_id": "AIPATU2JBUC6XQU7TMJRH"
          },
          "sensitive_attributes": [],
          "private": "bnVsbA==",
          "dependencies": [
            "aws_iam_role.scsrole"
          ]
        }
      ]
    },
    {
      "mode": "managed",
      "type": "aws_iam_role",
      "name": "scsrole",
      "provider": "provider[\"registry.terraform.io/hashicorp/aws\"]",
      "instances": [
        {
          "schema_version": 0,
          "attributes": {
            "arn": "arn:aws:iam::250871914685:role/scs-scs-role",
            "assume_role_policy": "{\"Statement\":[{\"Action\":\"sts:AssumeRole\",\"Effect\":\"Allow\",\"Principal\":{\"Service\":\"ec2.amazonaws.com\"},\"Sid\":\"\"}],\"Version\":\"2012-10-17\"}",
            "create_date": "2024-03-26T02:48:29Z",
            "description": "",
            "force_detach_policies": false,
            "id": "scs-scs-role",
            "inline_policy": [],
            "managed_policy_arns": [],
            "max_session_duration": 3600,
            "name": "scs-scs-role",
            "name_prefix": "",
            "path": "/",
            "permissions_boundary": "",
            "tags": null,
            "tags_all": {},
            "unique_id": "AROATU2JBUC6RQNST7ZOB"
          },
          "sensitive_attributes": [],
          "private": "bnVsbA=="
        }
      ]
    },
    {
      "mode": "managed",
      "type": "aws_instance",
      "name": "f5",
      "provider": "provider[\"registry.terraform.io/hashicorp/aws\"]",
      "instances": [
        {
          "schema_version": 1,
          "attributes": {
            "ami": "ami-09ae9af26d2e96786",
            "arn": "arn:aws:ec2:us-west-2:250871914685:instance/i-03cc353881fc1a4b3",
            "associate_public_ip_address": true,
            "availability_zone": "us-west-2a",
            "capacity_reservation_specification": [
              {
                "capacity_reservation_preference": "open",
                "capacity_reservation_target": []
              }
            ],
            "cpu_core_count": 2,
            "cpu_options": [
              {
                "amd_sev_snp": "",
                "core_count": 2,
                "threads_per_core": 2
              }
            ],
            "cpu_threads_per_core": 2,
            "credit_specification": [],
            "disable_api_stop": false,
            "disable_api_termination": false,
            "ebs_block_device": [],
            "ebs_optimized": false,
            "enclave_options": [
              {
                "enabled": false
              }
            ],
            "ephemeral_block_device": [],
            "get_password_data": false,
            "hibernation": false,
            "host_id": "",
            "host_resource_group_arn": null,
            "iam_instance_profile": "",
            "id": "i-03cc353881fc1a4b3",
            "instance_initiated_shutdown_behavior": "stop",
            "instance_lifecycle": "",
            "instance_market_options": [],
            "instance_state": "running",
            "instance_type": "m5.xlarge",
            "ipv6_address_count": 0,
            "ipv6_addresses": [],
            "key_name": "terraform-20240326024829478000000001",
            "launch_template": [],
            "maintenance_options": [
              {
                "auto_recovery": "default"
              }
            ],
            "metadata_options": [
              {
                "http_endpoint": "enabled",
                "http_protocol_ipv6": "disabled",
                "http_put_response_hop_limit": 1,
                "http_tokens": "optional",
                "instance_metadata_tags": "disabled"
              }
            ],
            "monitoring": false,
            "network_interface": [],
            "outpost_arn": "",
            "password_data": "",
            "placement_group": "",
            "placement_partition_number": 0,
            "primary_network_interface_id": "eni-09b8cf00c568d7e12",
            "private_dns": "ip-10-0-0-200.us-west-2.compute.internal",
            "private_dns_name_options": [
              {
                "enable_resource_name_dns_a_record": false,
                "enable_resource_name_dns_aaaa_record": false,
                "hostname_type": "ip-name"
              }
            ],
            "private_ip": "10.0.0.200",
            "public_dns": "ec2-54-188-229-77.us-west-2.compute.amazonaws.com",
            "public_ip": "54.188.229.77",
            "root_block_device": [
              {
                "delete_on_termination": true,
                "device_name": "/dev/xvda",
                "encrypted": true,
                "iops": 240,
                "kms_key_id": "arn:aws:kms:us-west-2:250871914685:key/a8c14b72-bb53-40db-ae94-fab1f445cf7b",
                "tags": null,
                "throughput": 0,
                "volume_id": "vol-036a122f03b6f4812",
                "volume_size": 80,
                "volume_type": "gp2"
              }
            ],
            "secondary_private_ips": [],
            "security_groups": [],
            "source_dest_check": true,
            "spot_instance_request_id": "",
            "subnet_id": "subnet-0deafb05155c9ae73",
            "tags": {
              "Env": "scs",
              "Name": "scs-f5"
            },
            "tags_all": {
              "Env": "scs",
              "Name": "scs-f5"
            },
            "tenancy": "default",
            "timeouts": null,
            "user_data": "fd7e4be12e8a52022da61a2ccabe086789aca657",
            "user_data_base64": null,
            "user_data_replace_on_change": false,
            "volume_tags": null,
            "vpc_security_group_ids": [
              "sg-042725e604b2322da"
            ]
          },
          "sensitive_attributes": [],
          "private": "eyJlMmJmYjczMC1lY2FhLTExZTYtOGY4OC0zNDM2M2JjN2M0YzAiOnsiY3JlYXRlIjo2MDAwMDAwMDAwMDAsImRlbGV0ZSI6MTIwMDAwMDAwMDAwMCwidXBkYXRlIjo2MDAwMDAwMDAwMDB9LCJzY2hlbWFfdmVyc2lvbiI6IjEifQ==",
          "dependencies": [
            "aws_key_pair.demo",
            "aws_security_group.f5",
            "module.vpc.aws_subnet.public",
            "module.vpc.aws_vpc.this",
            "module.vpc.aws_vpc_ipv4_cidr_block_association.this",
            "random_string.password",
            "tls_private_key.demo"
          ]
        }
      ]
    },
    {
      "mode": "managed",
      "type": "aws_key_pair",
      "name": "demo",
      "provider": "provider[\"registry.terraform.io/hashicorp/aws\"]",
      "instances": [
        {
          "schema_version": 1,
          "attributes": {
            "arn": "arn:aws:ec2:us-west-2:250871914685:key-pair/terraform-20240326024829478000000001",
            "fingerprint": "6d:fa:39:5c:e3:3e:c0:2d:23:8d:ef:11:0b:8b:ed:63",
            "id": "terraform-20240326024829478000000001",
            "key_name": "terraform-20240326024829478000000001",
            "key_name_prefix": "terraform-",
            "key_pair_id": "key-0faf57192bdb51d91",
            "key_type": "rsa",
            "public_key": "ssh-rsa AAAAB3NzaC1yc2EAAAADAQABAAABAQC6qWOsY1bSM+2z5zSNB1RLtDFc47mfZsEGbyzFgF05ZUh1jTTc8z68g3R3nM9f7ddavmd/xydnkxRUfSqw/q6fPB9IVp+NGDafyGs8fFW/qyYDfn2Vnh2DLpJMXLS2XayIQhd0g3/Ny0qzpiMs/vwLlD4y5Vw8xd5LBkeic6kxj/kVZ3q1ff4xdcGv31oKTCfgA8cxSr5QOT979mMHSdIZuSuBHRMLqsP29QxAhtr6PZOkAEqFJKBCcfa9I3uTTey+B4Yw6J7g/7ezHYBpewAEhFRNolWqNnhuIe810Mh6sgYJHs07hb6ByNcKsNvhkqSkLccutVpIVLvDVPCfruJR",
            "tags": null,
            "tags_all": {}
          },
          "sensitive_attributes": [],
          "private": "eyJzY2hlbWFfdmVyc2lvbiI6IjEifQ==",
          "dependencies": [
            "tls_private_key.demo"
          ]
        }
      ]
    },
    {
      "mode": "managed",
      "type": "aws_security_group",
      "name": "f5",
      "provider": "provider[\"registry.terraform.io/hashicorp/aws\"]",
      "instances": [
        {
          "schema_version": 1,
          "attributes": {
            "arn": "arn:aws:ec2:us-west-2:250871914685:security-group/sg-042725e604b2322da",
            "description": "Allow inbound SSH and HTTPS traffic from my IP",
            "egress": [
              {
                "cidr_blocks": [
                  "0.0.0.0/0"
                ],
                "description": "",
                "from_port": 0,
                "ipv6_cidr_blocks": [],
                "prefix_list_ids": [],
                "protocol": "-1",
                "security_groups": [],
                "self": false,
                "to_port": 0
              }
            ],
            "id": "sg-042725e604b2322da",
            "ingress": [
              {
                "cidr_blocks": [
                  "1.1.1.1/32"
                ],
                "description": "",
                "from_port": 22,
                "ipv6_cidr_blocks": [],
                "prefix_list_ids": [],
                "protocol": "tcp",
                "security_groups": [],
                "self": false,
                "to_port": 22
              },
              {
                "cidr_blocks": [
                  "1.1.1.1/32"
                ],
                "description": "",
                "from_port": 8080,
                "ipv6_cidr_blocks": [],
                "prefix_list_ids": [],
                "protocol": "tcp",
                "security_groups": [],
                "self": false,
                "to_port": 8080
              },
              {
                "cidr_blocks": [
                  "1.1.1.1/32"
                ],
                "description": "",
                "from_port": 8443,
                "ipv6_cidr_blocks": [],
                "prefix_list_ids": [],
                "protocol": "tcp",
                "security_groups": [],
                "self": false,
                "to_port": 8443
              }
            ],
            "name": "scs-f5",
            "name_prefix": "",
            "owner_id": "250871914685",
            "revoke_rules_on_delete": false,
            "tags": null,
            "tags_all": {},
            "timeouts": null,
            "vpc_id": "vpc-05c7b4739c71ef0b8"
          },
          "sensitive_attributes": [],
          "private": "eyJlMmJmYjczMC1lY2FhLTExZTYtOGY4OC0zNDM2M2JjN2M0YzAiOnsiY3JlYXRlIjo2MDAwMDAwMDAwMDAsImRlbGV0ZSI6OTAwMDAwMDAwMDAwfSwic2NoZW1hX3ZlcnNpb24iOiIxIn0=",
          "dependencies": [
            "module.vpc.aws_vpc.this"
          ]
        }
      ]
    },
    {
      "mode": "managed",
      "type": "null_resource",
      "name": "key",
      "provider": "provider[\"registry.terraform.io/hashicorp/null\"]",
      "instances": [
        {
          "schema_version": 0,
          "attributes": {
            "id": "2590092324525340969",
            "triggers": null
          },
          "sensitive_attributes": [],
          "dependencies": [
            "aws_key_pair.demo",
            "tls_private_key.demo"
          ]
        }
      ]
    },
    {
      "mode": "managed",
      "type": "random_string",
      "name": "password",
      "provider": "provider[\"registry.terraform.io/hashicorp/random\"]",
      "instances": [
        {
          "schema_version": 2,
          "attributes": {
            "id": "oQZ13t6F4y",
            "keepers": null,
            "length": 10,
            "lower": true,
            "min_lower": 0,
            "min_numeric": 0,
            "min_special": 0,
            "min_upper": 0,
            "number": true,
            "numeric": true,
            "override_special": null,
            "result": "oQZ13t6F4y",
            "special": false,
            "upper": true
          },
          "sensitive_attributes": []
        }
      ]
    },
    {
      "mode": "managed",
      "type": "tls_private_key",
      "name": "demo",
      "provider": "provider[\"registry.terraform.io/hashicorp/tls\"]",
      "instances": [
        {
          "schema_version": 1,
          "attributes": {
            "algorithm": "RSA",
            "ecdsa_curve": "P224",
            "id": "257043ae2e82130db96e74a61e2e45fe61f06d81",
            "private_key_openssh": "-----BEGIN OPENSSH PRIVATE KEY-----\nb3BlbnNzaC1rZXktdjEAAAAABG5vbmUAAAAEbm9uZQAAAAAAAAABAAABFwAAAAdz\nc2gtcnNhAAAAAwEAAQAAAQEAuqljrGNW0jPts+c0jQdUS7QxXOO5n2bBBm8sxYBd\nOWVIdY003PM+vIN0d5zPX+3XWr5nf8cnZ5MUVH0qsP6unzwfSFafjRg2n8hrPHxV\nv6smA359lZ4dgy6STFy0tl2siEIXdIN/zctKs6YjLP78C5Q+MuVcPMXeSwZHonOp\nMY/5FWd6tX3+MXXBr99aCkwn4APHMUq+UDk/e/ZjB0nSGbkrgR0TC6rD9vUMQIba\n+j2TpABKhSSgQnH2vSN7k03svgeGMOie4P+3sx2AaXsABIRUTaJVqjZ4biHvNdDI\nerIGCR7NO4W+gcjXCrDb4ZKkpC3HLrVaSFS7w1Twn67iUQAAA7jKxP1QysT9UAAA\nAAdzc2gtcnNhAAABAQC6qWOsY1bSM+2z5zSNB1RLtDFc47mfZsEGbyzFgF05ZUh1\njTTc8z68g3R3nM9f7ddavmd/xydnkxRUfSqw/q6fPB9IVp+NGDafyGs8fFW/qyYD\nfn2Vnh2DLpJMXLS2XayIQhd0g3/Ny0qzpiMs/vwLlD4y5Vw8xd5LBkeic6kxj/kV\nZ3q1ff4xdcGv31oKTCfgA8cxSr5QOT979mMHSdIZuSuBHRMLqsP29QxAhtr6PZOk\nAEqFJKBCcfa9I3uTTey+B4Yw6J7g/7ezHYBpewAEhFRNolWqNnhuIe810Mh6sgYJ\nHs07hb6ByNcKsNvhkqSkLccutVpIVLvDVPCfruJRAAAAAwEAAQAAAQBUvfwjUkIj\nUjHzP98Ku64YZGkYq8YkyOiO/EAONhWcrg+0VnQOb1wnB2MDvqwi9/6SEuk4CHkq\nO4q6RMzx593tKsVk+Pacfsalyb5timD/kDrE0VNAbrUlTipbAqeEN4jRn3e4jM6j\n5kw2vRExJ13T/+ww/RHgAVDHLMWuyeWhOt4tmFsZBnCA9zKr0kuUombYg18+wL+T\nHZOYowIGF+R5CuEwuF2Vrw2CxJ7FrFZQwcJfujhGL3HuQEjvkl/CrBFYb5KWgcql\nyefK6BBeY+bpcDCIWpkTPolLZEtejBlEIeef1i8LdB4Z0ZEsFuI+Nee7V4a8AbbA\np5od5xuwhSIVAAAAgFQdz7YTj6bfXaNatzt6D+yHC0qhgPKzDYmWcuwtzB1ZdF6s\nw7SrQI2I1kmG4RqQUxPGXwxzf1ftO+NlH56XdCHFXJ3fEqSr8C0AtxsfPPD7dPrn\ntc/d25n1Mr+vDwtJO7ZM65XuFUFz+CuJyyhTkUkw3CyBOqKGpkYuegiX6PplAAAA\ngQDW4ubuseAkr3cdxhHwCN+Khx6E3k2V/zU9Xhe79nq26Vpgm/AkiXtOo+wkiMWL\nYT6DTAlRRe665jOzztuaA0yTCiV3jclkg1CmD44eeOk+Jf335f+HUcgRbz9Iul7E\ntMtfIVgYQe76V5CV+LUgVdlL6/mbBt6tgkQnMXij1t53MwAAAIEA3mAMTG9CQO9h\n0t/s0xAp0yz6W8zQwdMgbiqDPqlnnnI5Pe+8lZey7awn27rKnLUbBIag8MJ8oT5i\nhsRvnvULqqnivJiATIhxHSTxOhTOzSNFdb1MSZEyQ1uXG5PpX5p5aChIiU2kR1YL\nLU81zJ/QQFmzsb1MPpF5Fq+03KZAsGsAAAAAAQID\n-----END OPENSSH PRIVATE KEY-----\n",
            "private_key_pem": "-----BEGIN RSA PRIVATE KEY-----\nMIIEowIBAAKCAQEAuqljrGNW0jPts+c0jQdUS7QxXOO5n2bBBm8sxYBdOWVIdY00\n3PM+vIN0d5zPX+3XWr5nf8cnZ5MUVH0qsP6unzwfSFafjRg2n8hrPHxVv6smA359\nlZ4dgy6STFy0tl2siEIXdIN/zctKs6YjLP78C5Q+MuVcPMXeSwZHonOpMY/5FWd6\ntX3+MXXBr99aCkwn4APHMUq+UDk/e/ZjB0nSGbkrgR0TC6rD9vUMQIba+j2TpABK\nhSSgQnH2vSN7k03svgeGMOie4P+3sx2AaXsABIRUTaJVqjZ4biHvNdDIerIGCR7N\nO4W+gcjXCrDb4ZKkpC3HLrVaSFS7w1Twn67iUQIDAQABAoIBAFS9/CNSQiNSMfM/\n3wq7rhhkaRirxiTI6I78QA42FZyuD7RWdA5vXCcHYwO+rCL3/pIS6TgIeSo7irpE\nzPHn3e0qxWT49px+xqXJvm2KYP+QOsTRU0ButSVOKlsCp4Q3iNGfd7iMzqPmTDa9\nETEnXdP/7DD9EeABUMcsxa7J5aE63i2YWxkGcID3MqvSS5SiZtiDXz7Av5Mdk5ij\nAgYX5HkK4TC4XZWvDYLEnsWsVlDBwl+6OEYvce5ASO+SX8KsEVhvkpaByqXJ58ro\nEF5j5ulwMIhamRM+iUtkS16MGUQh55/WLwt0HhnRkSwW4j4157tXhrwBtsCnmh3n\nG7CFIhUCgYEA1uLm7rHgJK93HcYR8AjfiocehN5Nlf81PV4Xu/Z6tulaYJvwJIl7\nTqPsJIjFi2E+g0wJUUXuuuYzs87bmgNMkwold43JZINQpg+OHnjpPiX99+X/h1HI\nEW8/SLpexLTLXyFYGEHu+leQlfi1IFXZS+v5mwberYJEJzF4o9bedzMCgYEA3mAM\nTG9CQO9h0t/s0xAp0yz6W8zQwdMgbiqDPqlnnnI5Pe+8lZey7awn27rKnLUbBIag\n8MJ8oT5ihsRvnvULqqnivJiATIhxHSTxOhTOzSNFdb1MSZEyQ1uXG5PpX5p5aChI\niU2kR1YLLU81zJ/QQFmzsb1MPpF5Fq+03KZAsGsCgYEA0H/GvJHAvze1ZyE5ZGLn\nq3zhYuBj/YdrvAihFNLaTMHs3FJR1tHC4BHzXZuLuWp4gmLzo3UsZxJX1j5/G1fa\nI82zfuYHI8y6IvZy2iRNg+zPGIqEvmLesfP0Pnf+3fPiZIJw/NB0tVjjRHDWJfLG\nbYEgZohq5YXA5Rp+SNKCdrsCgYBzAa2aojfbqXIoQ1MR3VwkMTDR5V1ZwL0W/Lmf\n4LEMSvq7w47+ttP9A3ohs7sxzKBKeO4nVg5qvf7qwBESXp1ICFCRRTWlXzNQ5Vg0\nt6o0gbdcqygXLBaYq3e89YROw29ipOLOz+7UTfW92ydxyn1DqqC6nbIe8dF0IC8j\npn/yPQKBgFQdz7YTj6bfXaNatzt6D+yHC0qhgPKzDYmWcuwtzB1ZdF6sw7SrQI2I\n1kmG4RqQUxPGXwxzf1ftO+NlH56XdCHFXJ3fEqSr8C0AtxsfPPD7dPrntc/d25n1\nMr+vDwtJO7ZM65XuFUFz+CuJyyhTkUkw3CyBOqKGpkYuegiX6Ppl\n-----END RSA PRIVATE KEY-----\n",
            "private_key_pem_pkcs8": "-----BEGIN PRIVATE KEY-----\nMIIEvQIBADANBgkqhkiG9w0BAQEFAASCBKcwggSjAgEAAoIBAQC6qWOsY1bSM+2z\n5zSNB1RLtDFc47mfZsEGbyzFgF05ZUh1jTTc8z68g3R3nM9f7ddavmd/xydnkxRU\nfSqw/q6fPB9IVp+NGDafyGs8fFW/qyYDfn2Vnh2DLpJMXLS2XayIQhd0g3/Ny0qz\npiMs/vwLlD4y5Vw8xd5LBkeic6kxj/kVZ3q1ff4xdcGv31oKTCfgA8cxSr5QOT97\n9mMHSdIZuSuBHRMLqsP29QxAhtr6PZOkAEqFJKBCcfa9I3uTTey+B4Yw6J7g/7ez\nHYBpewAEhFRNolWqNnhuIe810Mh6sgYJHs07hb6ByNcKsNvhkqSkLccutVpIVLvD\nVPCfruJRAgMBAAECggEAVL38I1JCI1Ix8z/fCruuGGRpGKvGJMjojvxADjYVnK4P\ntFZ0Dm9cJwdjA76sIvf+khLpOAh5KjuKukTM8efd7SrFZPj2nH7Gpcm+bYpg/5A6\nxNFTQG61JU4qWwKnhDeI0Z93uIzOo+ZMNr0RMSdd0//sMP0R4AFQxyzFrsnloTre\nLZhbGQZwgPcyq9JLlKJm2INfPsC/kx2TmKMCBhfkeQrhMLhdla8NgsSexaxWUMHC\nX7o4Ri9x7kBI75JfwqwRWG+SloHKpcnnyugQXmPm6XAwiFqZEz6JS2RLXowZRCHn\nn9YvC3QeGdGRLBbiPjXnu1eGvAG2wKeaHecbsIUiFQKBgQDW4ubuseAkr3cdxhHw\nCN+Khx6E3k2V/zU9Xhe79nq26Vpgm/AkiXtOo+wkiMWLYT6DTAlRRe665jOzztua\nA0yTCiV3jclkg1CmD44eeOk+Jf335f+HUcgRbz9Iul7EtMtfIVgYQe76V5CV+LUg\nVdlL6/mbBt6tgkQnMXij1t53MwKBgQDeYAxMb0JA72HS3+zTECnTLPpbzNDB0yBu\nKoM+qWeecjk977yVl7LtrCfbusqctRsEhqDwwnyhPmKGxG+e9QuqqeK8mIBMiHEd\nJPE6FM7NI0V1vUxJkTJDW5cbk+lfmnloKEiJTaRHVgstTzXMn9BAWbOxvUw+kXkW\nr7TcpkCwawKBgQDQf8a8kcC/N7VnITlkYuerfOFi4GP9h2u8CKEU0tpMwezcUlHW\n0cLgEfNdm4u5aniCYvOjdSxnElfWPn8bV9ojzbN+5gcjzLoi9nLaJE2D7M8YioS+\nYt6x8/Q+d/7d8+JkgnD80HS1WONEcNYl8sZtgSBmiGrlhcDlGn5I0oJ2uwKBgHMB\nrZqiN9upcihDUxHdXCQxMNHlXVnAvRb8uZ/gsQxK+rvDjv620/0DeiGzuzHMoEp4\n7idWDmq9/urAERJenUgIUJFFNaVfM1DlWDS3qjSBt1yrKBcsFpird7z1hE7Db2Kk\n4s7P7tRN9b3bJ3HKfUOqoLqdsh7x0XQgLyOmf/I9AoGAVB3PthOPpt9do1q3O3oP\n7IcLSqGA8rMNiZZy7C3MHVl0XqzDtKtAjYjWSYbhGpBTE8ZfDHN/V+0742Ufnpd0\nIcVcnd8SpKvwLQC3Gx888Pt0+ue1z93bmfUyv68PC0k7tkzrle4VQXP4K4nLKFOR\nSTDcLIE6ooamRi56CJfo+mU=\n-----END PRIVATE KEY-----\n",
            "public_key_fingerprint_md5": "ea:14:c1:c6:f7:bc:32:96:fb:f7:46:15:98:84:b5:a2",
            "public_key_fingerprint_sha256": "SHA256:O3uUQr0L2zeGsMH5KfPOvoF+WCG6iZOZrlgPQepitu0",
            "public_key_openssh": "ssh-rsa AAAAB3NzaC1yc2EAAAADAQABAAABAQC6qWOsY1bSM+2z5zSNB1RLtDFc47mfZsEGbyzFgF05ZUh1jTTc8z68g3R3nM9f7ddavmd/xydnkxRUfSqw/q6fPB9IVp+NGDafyGs8fFW/qyYDfn2Vnh2DLpJMXLS2XayIQhd0g3/Ny0qzpiMs/vwLlD4y5Vw8xd5LBkeic6kxj/kVZ3q1ff4xdcGv31oKTCfgA8cxSr5QOT979mMHSdIZuSuBHRMLqsP29QxAhtr6PZOkAEqFJKBCcfa9I3uTTey+B4Yw6J7g/7ezHYBpewAEhFRNolWqNnhuIe810Mh6sgYJHs07hb6ByNcKsNvhkqSkLccutVpIVLvDVPCfruJR\n",
            "public_key_pem": "-----BEGIN PUBLIC KEY-----\nMIIBIjANBgkqhkiG9w0BAQEFAAOCAQ8AMIIBCgKCAQEAuqljrGNW0jPts+c0jQdU\nS7QxXOO5n2bBBm8sxYBdOWVIdY003PM+vIN0d5zPX+3XWr5nf8cnZ5MUVH0qsP6u\nnzwfSFafjRg2n8hrPHxVv6smA359lZ4dgy6STFy0tl2siEIXdIN/zctKs6YjLP78\nC5Q+MuVcPMXeSwZHonOpMY/5FWd6tX3+MXXBr99aCkwn4APHMUq+UDk/e/ZjB0nS\nGbkrgR0TC6rD9vUMQIba+j2TpABKhSSgQnH2vSN7k03svgeGMOie4P+3sx2AaXsA\nBIRUTaJVqjZ4biHvNdDIerIGCR7NO4W+gcjXCrDb4ZKkpC3HLrVaSFS7w1Twn67i\nUQIDAQAB\n-----END PUBLIC KEY-----\n",
            "rsa_bits": 2048
          },
          "sensitive_attributes": []
        }
      ]
    },
    {
      "module": "module.vpc",
      "mode": "managed",
      "type": "aws_default_network_acl",
      "name": "this",
      "provider": "provider[\"registry.terraform.io/hashicorp/aws\"]",
      "instances": [
        {
          "index_key": 0,
          "schema_version": 0,
          "attributes": {
            "arn": "arn:aws:ec2:us-west-2:250871914685:network-acl/acl-037c443ef51b3351b",
            "default_network_acl_id": "acl-037c443ef51b3351b",
            "egress": [
              {
                "action": "allow",
                "cidr_block": "",
                "from_port": 0,
                "icmp_code": null,
                "icmp_type": null,
                "ipv6_cidr_block": "::/0",
                "protocol": "-1",
                "rule_no": 101,
                "to_port": 0
              },
              {
                "action": "allow",
                "cidr_block": "0.0.0.0/0",
                "from_port": 0,
                "icmp_code": null,
                "icmp_type": null,
                "ipv6_cidr_block": "",
                "protocol": "-1",
                "rule_no": 100,
                "to_port": 0
              }
            ],
            "id": "acl-037c443ef51b3351b",
            "ingress": [
              {
                "action": "allow",
                "cidr_block": "",
                "from_port": 0,
                "icmp_code": null,
                "icmp_type": null,
                "ipv6_cidr_block": "::/0",
                "protocol": "-1",
                "rule_no": 101,
                "to_port": 0
              },
              {
                "action": "allow",
                "cidr_block": "0.0.0.0/0",
                "from_port": 0,
                "icmp_code": null,
                "icmp_type": null,
                "ipv6_cidr_block": "",
                "protocol": "-1",
                "rule_no": 100,
                "to_port": 0
              }
            ],
            "owner_id": "250871914685",
            "subnet_ids": [
              "subnet-0c6a374eb086d4dfe",
              "subnet-0deafb05155c9ae73"
            ],
            "tags": {
              "Name": "scs-vpc-default"
            },
            "tags_all": {
              "Name": "scs-vpc-default"
            },
            "vpc_id": "vpc-05c7b4739c71ef0b8"
          },
          "sensitive_attributes": [],
          "private": "bnVsbA==",
          "dependencies": [
            "module.vpc.aws_vpc.this"
          ]
        }
      ]
    },
    {
      "module": "module.vpc",
      "mode": "managed",
      "type": "aws_default_route_table",
      "name": "default",
      "provider": "provider[\"registry.terraform.io/hashicorp/aws\"]",
      "instances": [
        {
          "index_key": 0,
          "schema_version": 0,
          "attributes": {
            "arn": "arn:aws:ec2:us-west-2:250871914685:route-table/rtb-05805ee3a668198b3",
            "default_route_table_id": "rtb-05805ee3a668198b3",
            "id": "rtb-05805ee3a668198b3",
            "owner_id": "250871914685",
            "propagating_vgws": null,
            "route": [],
            "tags": {
              "Name": "scs-vpc-default"
            },
            "tags_all": {
              "Name": "scs-vpc-default"
            },
            "timeouts": {
              "create": "5m",
              "update": "5m"
            },
            "vpc_id": "vpc-05c7b4739c71ef0b8"
          },
          "sensitive_attributes": [],
          "private": "eyJlMmJmYjczMC1lY2FhLTExZTYtOGY4OC0zNDM2M2JjN2M0YzAiOnsiY3JlYXRlIjozMDAwMDAwMDAwMDAsInVwZGF0ZSI6MzAwMDAwMDAwMDAwfX0=",
          "dependencies": [
            "module.vpc.aws_vpc.this"
          ]
        }
      ]
    },
    {
      "module": "module.vpc",
      "mode": "managed",
      "type": "aws_default_security_group",
      "name": "this",
      "provider": "provider[\"registry.terraform.io/hashicorp/aws\"]",
      "instances": [
        {
          "index_key": 0,
          "schema_version": 1,
          "attributes": {
            "arn": "arn:aws:ec2:us-west-2:250871914685:security-group/sg-001a674528779d266",
            "description": "default VPC security group",
            "egress": [],
            "id": "sg-001a674528779d266",
            "ingress": [],
            "name": "default",
            "name_prefix": "",
            "owner_id": "250871914685",
            "revoke_rules_on_delete": false,
            "tags": {
              "Name": "scs-vpc-default"
            },
            "tags_all": {
              "Name": "scs-vpc-default"
            },
            "vpc_id": "vpc-05c7b4739c71ef0b8"
          },
          "sensitive_attributes": [],
          "private": "eyJzY2hlbWFfdmVyc2lvbiI6IjEifQ==",
          "dependencies": [
            "module.vpc.aws_vpc.this"
          ]
        }
      ]
    },
    {
      "module": "module.vpc",
      "mode": "managed",
      "type": "aws_eip",
      "name": "nat",
      "provider": "provider[\"registry.terraform.io/hashicorp/aws\"]",
      "instances": [
        {
          "index_key": 0,
          "schema_version": 0,
          "attributes": {
            "address": null,
            "allocation_id": "eipalloc-0ce9b3a257a5c3c8c",
            "associate_with_private_ip": null,
            "association_id": "",
            "carrier_ip": "",
            "customer_owned_ip": "",
            "customer_owned_ipv4_pool": "",
            "domain": "vpc",
            "id": "eipalloc-0ce9b3a257a5c3c8c",
            "instance": "",
            "network_border_group": "us-west-2",
            "network_interface": "",
            "private_dns": null,
            "private_ip": "",
            "public_dns": "ec2-52-35-38-89.us-west-2.compute.amazonaws.com",
            "public_ip": "52.35.38.89",
            "public_ipv4_pool": "amazon",
            "tags": {
              "Name": "scs-vpc-us-west-2a"
            },
            "tags_all": {
              "Name": "scs-vpc-us-west-2a"
            },
            "timeouts": null,
            "vpc": true
          },
          "sensitive_attributes": [],
          "private": "eyJlMmJmYjczMC1lY2FhLTExZTYtOGY4OC0zNDM2M2JjN2M0YzAiOnsiZGVsZXRlIjoxODAwMDAwMDAwMDAsInJlYWQiOjkwMDAwMDAwMDAwMCwidXBkYXRlIjozMDAwMDAwMDAwMDB9fQ==",
          "dependencies": [
            "module.vpc.aws_internet_gateway.this",
            "module.vpc.aws_vpc.this",
            "module.vpc.aws_vpc_ipv4_cidr_block_association.this"
          ]
        }
      ]
    },
    {
      "module": "module.vpc",
      "mode": "managed",
      "type": "aws_internet_gateway",
      "name": "this",
      "provider": "provider[\"registry.terraform.io/hashicorp/aws\"]",
      "instances": [
        {
          "index_key": 0,
          "schema_version": 0,
          "attributes": {
            "arn": "arn:aws:ec2:us-west-2:250871914685:internet-gateway/igw-09b8baff4900a3937",
            "id": "igw-09b8baff4900a3937",
            "owner_id": "250871914685",
            "tags": {
              "Name": "scs-vpc"
            },
            "tags_all": {
              "Name": "scs-vpc"
            },
            "timeouts": null,
            "vpc_id": "vpc-05c7b4739c71ef0b8"
          },
          "sensitive_attributes": [],
          "private": "eyJlMmJmYjczMC1lY2FhLTExZTYtOGY4OC0zNDM2M2JjN2M0YzAiOnsiY3JlYXRlIjoxMjAwMDAwMDAwMDAwLCJkZWxldGUiOjEyMDAwMDAwMDAwMDAsInVwZGF0ZSI6MTIwMDAwMDAwMDAwMH19",
          "dependencies": [
            "module.vpc.aws_vpc.this",
            "module.vpc.aws_vpc_ipv4_cidr_block_association.this"
          ]
        }
      ]
    },
    {
      "module": "module.vpc",
      "mode": "managed",
      "type": "aws_nat_gateway",
      "name": "this",
      "provider": "provider[\"registry.terraform.io/hashicorp/aws\"]",
      "instances": [
        {
          "index_key": 0,
          "schema_version": 0,
          "attributes": {
            "allocation_id": "eipalloc-0ce9b3a257a5c3c8c",
            "association_id": "eipassoc-0bbbc0ac65614667e",
            "connectivity_type": "public",
            "id": "nat-067e26900fe867d70",
            "network_interface_id": "eni-04d15965f155e1c9c",
            "private_ip": "10.0.0.209",
            "public_ip": "52.35.38.89",
            "secondary_allocation_ids": null,
            "secondary_private_ip_address_count": 0,
            "secondary_private_ip_addresses": [],
            "subnet_id": "subnet-0deafb05155c9ae73",
            "tags": {
              "Name": "scs-vpc-us-west-2a"
            },
            "tags_all": {
              "Name": "scs-vpc-us-west-2a"
            },
            "timeouts": null
          },
          "sensitive_attributes": [],
          "private": "eyJlMmJmYjczMC1lY2FhLTExZTYtOGY4OC0zNDM2M2JjN2M0YzAiOnsiY3JlYXRlIjo2MDAwMDAwMDAwMDAsImRlbGV0ZSI6MTgwMDAwMDAwMDAwMCwidXBkYXRlIjo2MDAwMDAwMDAwMDB9fQ==",
          "dependencies": [
            "module.vpc.aws_eip.nat",
            "module.vpc.aws_internet_gateway.this",
            "module.vpc.aws_subnet.public",
            "module.vpc.aws_vpc.this",
            "module.vpc.aws_vpc_ipv4_cidr_block_association.this"
          ]
        }
      ]
    },
    {
      "module": "module.vpc",
      "mode": "managed",
      "type": "aws_route",
      "name": "private_nat_gateway",
      "provider": "provider[\"registry.terraform.io/hashicorp/aws\"]",
      "instances": [
        {
          "index_key": 0,
          "schema_version": 0,
          "attributes": {
            "carrier_gateway_id": "",
            "core_network_arn": "",
            "destination_cidr_block": "0.0.0.0/0",
            "destination_ipv6_cidr_block": "",
            "destination_prefix_list_id": "",
            "egress_only_gateway_id": "",
            "gateway_id": "",
            "id": "r-rtb-035a8084673430c1b1080289494",
            "instance_id": "",
            "instance_owner_id": "",
            "local_gateway_id": "",
            "nat_gateway_id": "nat-067e26900fe867d70",
            "network_interface_id": "",
            "origin": "CreateRoute",
            "route_table_id": "rtb-035a8084673430c1b",
            "state": "active",
            "timeouts": {
              "create": "5m",
              "delete": null,
              "update": null
            },
            "transit_gateway_id": "",
            "vpc_endpoint_id": "",
            "vpc_peering_connection_id": ""
          },
          "sensitive_attributes": [],
          "private": "eyJlMmJmYjczMC1lY2FhLTExZTYtOGY4OC0zNDM2M2JjN2M0YzAiOnsiY3JlYXRlIjozMDAwMDAwMDAwMDAsImRlbGV0ZSI6MzAwMDAwMDAwMDAwLCJ1cGRhdGUiOjEyMDAwMDAwMDAwMH19",
          "dependencies": [
            "module.vpc.aws_eip.nat",
            "module.vpc.aws_internet_gateway.this",
            "module.vpc.aws_nat_gateway.this",
            "module.vpc.aws_route_table.private",
            "module.vpc.aws_subnet.public",
            "module.vpc.aws_vpc.this",
            "module.vpc.aws_vpc_ipv4_cidr_block_association.this"
          ]
        }
      ]
    },
    {
      "module": "module.vpc",
      "mode": "managed",
      "type": "aws_route",
      "name": "public_internet_gateway",
      "provider": "provider[\"registry.terraform.io/hashicorp/aws\"]",
      "instances": [
        {
          "index_key": 0,
          "schema_version": 0,
          "attributes": {
            "carrier_gateway_id": "",
            "core_network_arn": "",
            "destination_cidr_block": "0.0.0.0/0",
            "destination_ipv6_cidr_block": "",
            "destination_prefix_list_id": "",
            "egress_only_gateway_id": "",
            "gateway_id": "igw-09b8baff4900a3937",
            "id": "r-rtb-0c88d44ca16c75b411080289494",
            "instance_id": "",
            "instance_owner_id": "",
            "local_gateway_id": "",
            "nat_gateway_id": "",
            "network_interface_id": "",
            "origin": "CreateRoute",
            "route_table_id": "rtb-0c88d44ca16c75b41",
            "state": "active",
            "timeouts": {
              "create": "5m",
              "delete": null,
              "update": null
            },
            "transit_gateway_id": "",
            "vpc_endpoint_id": "",
            "vpc_peering_connection_id": ""
          },
          "sensitive_attributes": [],
          "private": "eyJlMmJmYjczMC1lY2FhLTExZTYtOGY4OC0zNDM2M2JjN2M0YzAiOnsiY3JlYXRlIjozMDAwMDAwMDAwMDAsImRlbGV0ZSI6MzAwMDAwMDAwMDAwLCJ1cGRhdGUiOjEyMDAwMDAwMDAwMH19",
          "dependencies": [
            "module.vpc.aws_internet_gateway.this",
            "module.vpc.aws_route_table.public",
            "module.vpc.aws_vpc.this",
            "module.vpc.aws_vpc_ipv4_cidr_block_association.this"
          ]
        }
      ]
    },
    {
      "module": "module.vpc",
      "mode": "managed",
      "type": "aws_route_table",
      "name": "private",
      "provider": "provider[\"registry.terraform.io/hashicorp/aws\"]",
      "instances": [
        {
          "index_key": 0,
          "schema_version": 0,
          "attributes": {
            "arn": "arn:aws:ec2:us-west-2:250871914685:route-table/rtb-035a8084673430c1b",
            "id": "rtb-035a8084673430c1b",
            "owner_id": "250871914685",
            "propagating_vgws": [],
            "route": [],
            "tags": {
              "Name": "scs-vpc-private-us-west-2a"
            },
            "tags_all": {
              "Name": "scs-vpc-private-us-west-2a"
            },
            "timeouts": null,
            "vpc_id": "vpc-05c7b4739c71ef0b8"
          },
          "sensitive_attributes": [],
          "private": "eyJlMmJmYjczMC1lY2FhLTExZTYtOGY4OC0zNDM2M2JjN2M0YzAiOnsiY3JlYXRlIjozMDAwMDAwMDAwMDAsImRlbGV0ZSI6MzAwMDAwMDAwMDAwLCJ1cGRhdGUiOjEyMDAwMDAwMDAwMH19",
          "dependencies": [
            "module.vpc.aws_vpc.this",
            "module.vpc.aws_vpc_ipv4_cidr_block_association.this"
          ]
        }
      ]
    },
    {
      "module": "module.vpc",
      "mode": "managed",
      "type": "aws_route_table",
      "name": "public",
      "provider": "provider[\"registry.terraform.io/hashicorp/aws\"]",
      "instances": [
        {
          "index_key": 0,
          "schema_version": 0,
          "attributes": {
            "arn": "arn:aws:ec2:us-west-2:250871914685:route-table/rtb-0c88d44ca16c75b41",
            "id": "rtb-0c88d44ca16c75b41",
            "owner_id": "250871914685",
            "propagating_vgws": [],
            "route": [],
            "tags": {
              "Name": "scs-vpc-public"
            },
            "tags_all": {
              "Name": "scs-vpc-public"
            },
            "timeouts": null,
            "vpc_id": "vpc-05c7b4739c71ef0b8"
          },
          "sensitive_attributes": [],
          "private": "eyJlMmJmYjczMC1lY2FhLTExZTYtOGY4OC0zNDM2M2JjN2M0YzAiOnsiY3JlYXRlIjozMDAwMDAwMDAwMDAsImRlbGV0ZSI6MzAwMDAwMDAwMDAwLCJ1cGRhdGUiOjEyMDAwMDAwMDAwMH19",
          "dependencies": [
            "module.vpc.aws_vpc.this",
            "module.vpc.aws_vpc_ipv4_cidr_block_association.this"
          ]
        }
      ]
    },
    {
      "module": "module.vpc",
      "mode": "managed",
      "type": "aws_route_table_association",
      "name": "private",
      "provider": "provider[\"registry.terraform.io/hashicorp/aws\"]",
      "instances": [
        {
          "index_key": 0,
          "schema_version": 0,
          "attributes": {
            "gateway_id": "",
            "id": "rtbassoc-0ed6254485d9357ad",
            "route_table_id": "rtb-035a8084673430c1b",
            "subnet_id": "subnet-0c6a374eb086d4dfe",
            "timeouts": null
          },
          "sensitive_attributes": [],
          "private": "eyJlMmJmYjczMC1lY2FhLTExZTYtOGY4OC0zNDM2M2JjN2M0YzAiOnsiY3JlYXRlIjozMDAwMDAwMDAwMDAsImRlbGV0ZSI6MzAwMDAwMDAwMDAwLCJ1cGRhdGUiOjEyMDAwMDAwMDAwMH19",
          "dependencies": [
            "module.vpc.aws_route_table.private",
            "module.vpc.aws_subnet.private",
            "module.vpc.aws_vpc.this",
            "module.vpc.aws_vpc_ipv4_cidr_block_association.this"
          ]
        }
      ]
    },
    {
      "module": "module.vpc",
      "mode": "managed",
      "type": "aws_route_table_association",
      "name": "public",
      "provider": "provider[\"registry.terraform.io/hashicorp/aws\"]",
      "instances": [
        {
          "index_key": 0,
          "schema_version": 0,
          "attributes": {
            "gateway_id": "",
            "id": "rtbassoc-0e9c7a2e25818f10a",
            "route_table_id": "rtb-0c88d44ca16c75b41",
            "subnet_id": "subnet-0deafb05155c9ae73",
            "timeouts": null
          },
          "sensitive_attributes": [],
          "private": "eyJlMmJmYjczMC1lY2FhLTExZTYtOGY4OC0zNDM2M2JjN2M0YzAiOnsiY3JlYXRlIjozMDAwMDAwMDAwMDAsImRlbGV0ZSI6MzAwMDAwMDAwMDAwLCJ1cGRhdGUiOjEyMDAwMDAwMDAwMH19",
          "dependencies": [
            "module.vpc.aws_route_table.public",
            "module.vpc.aws_subnet.public",
            "module.vpc.aws_vpc.this",
            "module.vpc.aws_vpc_ipv4_cidr_block_association.this"
          ]
        }
      ]
    },
    {
      "module": "module.vpc",
      "mode": "managed",
      "type": "aws_subnet",
      "name": "private",
      "provider": "provider[\"registry.terraform.io/hashicorp/aws\"]",
      "instances": [
        {
          "index_key": 0,
          "schema_version": 1,
          "attributes": {
            "arn": "arn:aws:ec2:us-west-2:250871914685:subnet/subnet-0c6a374eb086d4dfe",
            "assign_ipv6_address_on_creation": false,
            "availability_zone": "us-west-2a",
            "availability_zone_id": "usw2-az2",
            "cidr_block": "10.0.2.0/24",
            "customer_owned_ipv4_pool": "",
            "enable_dns64": false,
            "enable_lni_at_device_index": 0,
            "enable_resource_name_dns_a_record_on_launch": false,
            "enable_resource_name_dns_aaaa_record_on_launch": false,
            "id": "subnet-0c6a374eb086d4dfe",
            "ipv6_cidr_block": "",
            "ipv6_cidr_block_association_id": "",
            "ipv6_native": false,
            "map_customer_owned_ip_on_launch": false,
            "map_public_ip_on_launch": false,
            "outpost_arn": "",
            "owner_id": "250871914685",
            "private_dns_hostname_type_on_launch": "ip-name",
            "tags": {
              "Name": "scs-vpc-private-us-west-2a"
            },
            "tags_all": {
              "Name": "scs-vpc-private-us-west-2a"
            },
            "timeouts": null,
            "vpc_id": "vpc-05c7b4739c71ef0b8"
          },
          "sensitive_attributes": [],
          "private": "eyJlMmJmYjczMC1lY2FhLTExZTYtOGY4OC0zNDM2M2JjN2M0YzAiOnsiY3JlYXRlIjo2MDAwMDAwMDAwMDAsImRlbGV0ZSI6MTIwMDAwMDAwMDAwMH0sInNjaGVtYV92ZXJzaW9uIjoiMSJ9",
          "dependencies": [
            "module.vpc.aws_vpc.this",
            "module.vpc.aws_vpc_ipv4_cidr_block_association.this"
          ]
        }
      ]
    },
    {
      "module": "module.vpc",
      "mode": "managed",
      "type": "aws_subnet",
      "name": "public",
      "provider": "provider[\"registry.terraform.io/hashicorp/aws\"]",
      "instances": [
        {
          "index_key": 0,
          "schema_version": 1,
          "attributes": {
            "arn": "arn:aws:ec2:us-west-2:250871914685:subnet/subnet-0deafb05155c9ae73",
            "assign_ipv6_address_on_creation": false,
            "availability_zone": "us-west-2a",
            "availability_zone_id": "usw2-az2",
            "cidr_block": "10.0.0.0/24",
            "customer_owned_ipv4_pool": "",
            "enable_dns64": false,
            "enable_lni_at_device_index": 0,
            "enable_resource_name_dns_a_record_on_launch": false,
            "enable_resource_name_dns_aaaa_record_on_launch": false,
            "id": "subnet-0deafb05155c9ae73",
            "ipv6_cidr_block": "",
            "ipv6_cidr_block_association_id": "",
            "ipv6_native": false,
            "map_customer_owned_ip_on_launch": false,
            "map_public_ip_on_launch": false,
            "outpost_arn": "",
            "owner_id": "250871914685",
            "private_dns_hostname_type_on_launch": "ip-name",
            "tags": {
              "Name": "scs-vpc-public-us-west-2a"
            },
            "tags_all": {
              "Name": "scs-vpc-public-us-west-2a"
            },
            "timeouts": null,
            "vpc_id": "vpc-05c7b4739c71ef0b8"
          },
          "sensitive_attributes": [],
          "private": "eyJlMmJmYjczMC1lY2FhLTExZTYtOGY4OC0zNDM2M2JjN2M0YzAiOnsiY3JlYXRlIjo2MDAwMDAwMDAwMDAsImRlbGV0ZSI6MTIwMDAwMDAwMDAwMH0sInNjaGVtYV92ZXJzaW9uIjoiMSJ9",
          "dependencies": [
            "module.vpc.aws_vpc.this",
            "module.vpc.aws_vpc_ipv4_cidr_block_association.this"
          ]
        }
      ]
    },
    {
      "module": "module.vpc",
      "mode": "managed",
      "type": "aws_vpc",
      "name": "this",
      "provider": "provider[\"registry.terraform.io/hashicorp/aws\"]",
      "instances": [
        {
          "index_key": 0,
          "schema_version": 1,
          "attributes": {
            "arn": "arn:aws:ec2:us-west-2:250871914685:vpc/vpc-05c7b4739c71ef0b8",
            "assign_generated_ipv6_cidr_block": false,
            "cidr_block": "10.0.0.0/16",
            "default_network_acl_id": "acl-037c443ef51b3351b",
            "default_route_table_id": "rtb-05805ee3a668198b3",
            "default_security_group_id": "sg-001a674528779d266",
            "dhcp_options_id": "dopt-017a9d89daf7d840f",
            "enable_dns_hostnames": true,
            "enable_dns_support": true,
            "enable_network_address_usage_metrics": false,
            "id": "vpc-05c7b4739c71ef0b8",
            "instance_tenancy": "default",
            "ipv4_ipam_pool_id": null,
            "ipv4_netmask_length": null,
            "ipv6_association_id": "",
            "ipv6_cidr_block": "",
            "ipv6_cidr_block_network_border_group": "",
            "ipv6_ipam_pool_id": "",
            "ipv6_netmask_length": 0,
            "main_route_table_id": "rtb-05805ee3a668198b3",
            "owner_id": "250871914685",
            "tags": {
              "Name": "scs-vpc"
            },
            "tags_all": {
              "Name": "scs-vpc"
            }
          },
          "sensitive_attributes": [],
          "private": "eyJzY2hlbWFfdmVyc2lvbiI6IjEifQ=="
        }
      ]
    }
  ],
  "check_results": null
}
